// !$*UTF8*$!
{
	archiveVersion = 1;
	classes = {
	};
	objectVersion = 50;
	objects = {

/* Begin PBXBuildFile section */
		0466EE2B26F726DA0085D1D9 /* ChecklistItem.swift in Sources */ = {isa = PBXBuildFile; fileRef = 0466EE2A26F726DA0085D1D9 /* ChecklistItem.swift */; };
		0466EE2D26F787CE0085D1D9 /* ItemDetailViewController.swift in Sources */ = {isa = PBXBuildFile; fileRef = 0466EE2C26F787CE0085D1D9 /* ItemDetailViewController.swift */; };
		0466EE2F26FB0B750085D1D9 /* AllListsViewController.swift in Sources */ = {isa = PBXBuildFile; fileRef = 0466EE2E26FB0B750085D1D9 /* AllListsViewController.swift */; };
		0466EE3126FB0FB40085D1D9 /* Checklist.swift in Sources */ = {isa = PBXBuildFile; fileRef = 0466EE3026FB0FB40085D1D9 /* Checklist.swift */; };
		0466EE3326FB17EC0085D1D9 /* ListDetailViewController.swift in Sources */ = {isa = PBXBuildFile; fileRef = 0466EE3226FB17EC0085D1D9 /* ListDetailViewController.swift */; };
		0466EE3726FB4E540085D1D9 /* DataModel.swift in Sources */ = {isa = PBXBuildFile; fileRef = 0466EE3626FB4E540085D1D9 /* DataModel.swift */; };
		0466EE3D26FC644A0085D1D9 /* IconPickerViewController.swift in Sources */ = {isa = PBXBuildFile; fileRef = 0466EE3C26FC644A0085D1D9 /* IconPickerViewController.swift */; };
		04CA03FF26EDE083004A1932 /* AppDelegate.swift in Sources */ = {isa = PBXBuildFile; fileRef = 04CA03FE26EDE083004A1932 /* AppDelegate.swift */; };
		04CA040126EDE083004A1932 /* SceneDelegate.swift in Sources */ = {isa = PBXBuildFile; fileRef = 04CA040026EDE083004A1932 /* SceneDelegate.swift */; };
		04CA040626EDE083004A1932 /* Main.storyboard in Resources */ = {isa = PBXBuildFile; fileRef = 04CA040426EDE083004A1932 /* Main.storyboard */; };
		04CA040826EDE088004A1932 /* Assets.xcassets in Resources */ = {isa = PBXBuildFile; fileRef = 04CA040726EDE088004A1932 /* Assets.xcassets */; };
		04CA040B26EDE088004A1932 /* LaunchScreen.storyboard in Resources */ = {isa = PBXBuildFile; fileRef = 04CA040926EDE088004A1932 /* LaunchScreen.storyboard */; };
		04CA041326EDE185004A1932 /* ChecklistViewController.swift in Sources */ = {isa = PBXBuildFile; fileRef = 04CA041226EDE185004A1932 /* ChecklistViewController.swift */; };
/* End PBXBuildFile section */

/* Begin PBXFileReference section */
		0466EE2A26F726DA0085D1D9 /* ChecklistItem.swift */ = {isa = PBXFileReference; lastKnownFileType = sourcecode.swift; path = ChecklistItem.swift; sourceTree = "<group>"; };
		0466EE2C26F787CE0085D1D9 /* ItemDetailViewController.swift */ = {isa = PBXFileReference; lastKnownFileType = sourcecode.swift; path = ItemDetailViewController.swift; sourceTree = "<group>"; };
		0466EE2E26FB0B750085D1D9 /* AllListsViewController.swift */ = {isa = PBXFileReference; lastKnownFileType = sourcecode.swift; path = AllListsViewController.swift; sourceTree = "<group>"; };
		0466EE3026FB0FB40085D1D9 /* Checklist.swift */ = {isa = PBXFileReference; lastKnownFileType = sourcecode.swift; path = Checklist.swift; sourceTree = "<group>"; };
		0466EE3226FB17EC0085D1D9 /* ListDetailViewController.swift */ = {isa = PBXFileReference; lastKnownFileType = sourcecode.swift; path = ListDetailViewController.swift; sourceTree = "<group>"; };
		0466EE3626FB4E540085D1D9 /* DataModel.swift */ = {isa = PBXFileReference; lastKnownFileType = sourcecode.swift; path = DataModel.swift; sourceTree = "<group>"; };
		0466EE3C26FC644A0085D1D9 /* IconPickerViewController.swift */ = {isa = PBXFileReference; lastKnownFileType = sourcecode.swift; path = IconPickerViewController.swift; sourceTree = "<group>"; };
		04CA03FB26EDE083004A1932 /* CheckListsWithPushNotifications.app */ = {isa = PBXFileReference; explicitFileType = wrapper.application; includeInIndex = 0; path = CheckListsWithPushNotifications.app; sourceTree = BUILT_PRODUCTS_DIR; };
		04CA03FE26EDE083004A1932 /* AppDelegate.swift */ = {isa = PBXFileReference; lastKnownFileType = sourcecode.swift; path = AppDelegate.swift; sourceTree = "<group>"; };
		04CA040026EDE083004A1932 /* SceneDelegate.swift */ = {isa = PBXFileReference; lastKnownFileType = sourcecode.swift; path = SceneDelegate.swift; sourceTree = "<group>"; };
		04CA040526EDE083004A1932 /* Base */ = {isa = PBXFileReference; lastKnownFileType = file.storyboard; name = Base; path = Base.lproj/Main.storyboard; sourceTree = "<group>"; };
		04CA040726EDE088004A1932 /* Assets.xcassets */ = {isa = PBXFileReference; lastKnownFileType = folder.assetcatalog; path = Assets.xcassets; sourceTree = "<group>"; };
		04CA040A26EDE088004A1932 /* Base */ = {isa = PBXFileReference; lastKnownFileType = file.storyboard; name = Base; path = Base.lproj/LaunchScreen.storyboard; sourceTree = "<group>"; };
		04CA040C26EDE088004A1932 /* Info.plist */ = {isa = PBXFileReference; lastKnownFileType = text.plist.xml; path = Info.plist; sourceTree = "<group>"; };
		04CA041226EDE185004A1932 /* ChecklistViewController.swift */ = {isa = PBXFileReference; lastKnownFileType = sourcecode.swift; path = ChecklistViewController.swift; sourceTree = "<group>"; };
/* End PBXFileReference section */

/* Begin PBXFrameworksBuildPhase section */
		04CA03F826EDE083004A1932 /* Frameworks */ = {
			isa = PBXFrameworksBuildPhase;
			buildActionMask = 2147483647;
			files = (
			);
			runOnlyForDeploymentPostprocessing = 0;
		};
/* End PBXFrameworksBuildPhase section */

/* Begin PBXGroup section */
		0466EE3426FB1E530085D1D9 /* Checklist */ = {
			isa = PBXGroup;
			children = (
				0466EE2C26F787CE0085D1D9 /* ItemDetailViewController.swift */,
				04CA041226EDE185004A1932 /* ChecklistViewController.swift */,
			);
			path = Checklist;
			sourceTree = "<group>";
		};
		0466EE3526FB1E7D0085D1D9 /* All Lists */ = {
			isa = PBXGroup;
			children = (
				0466EE2E26FB0B750085D1D9 /* AllListsViewController.swift */,
				0466EE3226FB17EC0085D1D9 /* ListDetailViewController.swift */,
			);
			path = "All Lists";
			sourceTree = "<group>";
		};
		0466EE3826FB88C10085D1D9 /* Viewcontrollers */ = {
			isa = PBXGroup;
			children = (
				0466EE3426FB1E530085D1D9 /* Checklist */,
				0466EE3526FB1E7D0085D1D9 /* All Lists */,
				0466EE3C26FC644A0085D1D9 /* IconPickerViewController.swift */,
			);
			path = Viewcontrollers;
			sourceTree = "<group>";
		};
		0466EE3926FB89A20085D1D9 /* Models */ = {
			isa = PBXGroup;
			children = (
				0466EE3026FB0FB40085D1D9 /* Checklist.swift */,
				0466EE3626FB4E540085D1D9 /* DataModel.swift */,
				0466EE2A26F726DA0085D1D9 /* ChecklistItem.swift */,
			);
			path = Models;
			sourceTree = "<group>";
		};
		0466EE3A26FB89B40085D1D9 /* Storyboards */ = {
			isa = PBXGroup;
			children = (
				04CA040426EDE083004A1932 /* Main.storyboard */,
				04CA040926EDE088004A1932 /* LaunchScreen.storyboard */,
			);
			path = Storyboards;
			sourceTree = "<group>";
		};
		0466EE3B26FB89C80085D1D9 /* Supporting */ = {
			isa = PBXGroup;
			children = (
				04CA03FE26EDE083004A1932 /* AppDelegate.swift */,
				04CA040026EDE083004A1932 /* SceneDelegate.swift */,
				04CA040C26EDE088004A1932 /* Info.plist */,
			);
			path = Supporting;
			sourceTree = "<group>";
		};
		04CA03F226EDE083004A1932 = {
			isa = PBXGroup;
			children = (
				04CA03FD26EDE083004A1932 /* CheckListsWithPushNotifications */,
				04CA03FC26EDE083004A1932 /* Products */,
			);
			sourceTree = "<group>";
		};
		04CA03FC26EDE083004A1932 /* Products */ = {
			isa = PBXGroup;
			children = (
				04CA03FB26EDE083004A1932 /* CheckListsWithPushNotifications.app */,
			);
			name = Products;
			sourceTree = "<group>";
		};
		04CA03FD26EDE083004A1932 /* CheckListsWithPushNotifications */ = {
			isa = PBXGroup;
			children = (
				0466EE3B26FB89C80085D1D9 /* Supporting */,
				0466EE3926FB89A20085D1D9 /* Models */,
				0466EE3A26FB89B40085D1D9 /* Storyboards */,
				0466EE3826FB88C10085D1D9 /* Viewcontrollers */,
				04CA040726EDE088004A1932 /* Assets.xcassets */,
			);
			path = CheckListsWithPushNotifications;
			sourceTree = "<group>";
		};
/* End PBXGroup section */

/* Begin PBXNativeTarget section */
		04CA03FA26EDE083004A1932 /* CheckListsWithPushNotifications */ = {
			isa = PBXNativeTarget;
			buildConfigurationList = 04CA040F26EDE088004A1932 /* Build configuration list for PBXNativeTarget "CheckListsWithPushNotifications" */;
			buildPhases = (
				04CA03F726EDE083004A1932 /* Sources */,
				04CA03F826EDE083004A1932 /* Frameworks */,
				04CA03F926EDE083004A1932 /* Resources */,
			);
			buildRules = (
			);
			dependencies = (
			);
			name = CheckListsWithPushNotifications;
			productName = CheckListsWithPushNotifications;
			productReference = 04CA03FB26EDE083004A1932 /* CheckListsWithPushNotifications.app */;
			productType = "com.apple.product-type.application";
		};
/* End PBXNativeTarget section */

/* Begin PBXProject section */
		04CA03F326EDE083004A1932 /* Project object */ = {
			isa = PBXProject;
			attributes = {
				LastSwiftUpdateCheck = 1250;
				LastUpgradeCheck = 1250;
				TargetAttributes = {
					04CA03FA26EDE083004A1932 = {
						CreatedOnToolsVersion = 12.5.1;
					};
				};
			};
			buildConfigurationList = 04CA03F626EDE083004A1932 /* Build configuration list for PBXProject "CheckListsWithPushNotifications" */;
			compatibilityVersion = "Xcode 9.3";
			developmentRegion = en;
			hasScannedForEncodings = 0;
			knownRegions = (
				en,
				Base,
			);
			mainGroup = 04CA03F226EDE083004A1932;
			productRefGroup = 04CA03FC26EDE083004A1932 /* Products */;
			projectDirPath = "";
			projectRoot = "";
			targets = (
				04CA03FA26EDE083004A1932 /* CheckListsWithPushNotifications */,
			);
		};
/* End PBXProject section */

/* Begin PBXResourcesBuildPhase section */
		04CA03F926EDE083004A1932 /* Resources */ = {
			isa = PBXResourcesBuildPhase;
			buildActionMask = 2147483647;
			files = (
				04CA040B26EDE088004A1932 /* LaunchScreen.storyboard in Resources */,
				04CA040826EDE088004A1932 /* Assets.xcassets in Resources */,
				04CA040626EDE083004A1932 /* Main.storyboard in Resources */,
			);
			runOnlyForDeploymentPostprocessing = 0;
		};
/* End PBXResourcesBuildPhase section */

/* Begin PBXSourcesBuildPhase section */
		04CA03F726EDE083004A1932 /* Sources */ = {
			isa = PBXSourcesBuildPhase;
			buildActionMask = 2147483647;
			files = (
				04CA03FF26EDE083004A1932 /* AppDelegate.swift in Sources */,
				04CA041326EDE185004A1932 /* ChecklistViewController.swift in Sources */,
				0466EE2F26FB0B750085D1D9 /* AllListsViewController.swift in Sources */,
				0466EE3D26FC644A0085D1D9 /* IconPickerViewController.swift in Sources */,
				04CA040126EDE083004A1932 /* SceneDelegate.swift in Sources */,
				0466EE2D26F787CE0085D1D9 /* ItemDetailViewController.swift in Sources */,
				0466EE2B26F726DA0085D1D9 /* ChecklistItem.swift in Sources */,
				0466EE3126FB0FB40085D1D9 /* Checklist.swift in Sources */,
				0466EE3326FB17EC0085D1D9 /* ListDetailViewController.swift in Sources */,
				0466EE3726FB4E540085D1D9 /* DataModel.swift in Sources */,
			);
			runOnlyForDeploymentPostprocessing = 0;
		};
/* End PBXSourcesBuildPhase section */

/* Begin PBXVariantGroup section */
		04CA040426EDE083004A1932 /* Main.storyboard */ = {
			isa = PBXVariantGroup;
			children = (
				04CA040526EDE083004A1932 /* Base */,
			);
			name = Main.storyboard;
			sourceTree = "<group>";
		};
		04CA040926EDE088004A1932 /* LaunchScreen.storyboard */ = {
			isa = PBXVariantGroup;
			children = (
				04CA040A26EDE088004A1932 /* Base */,
			);
			name = LaunchScreen.storyboard;
			sourceTree = "<group>";
		};
/* End PBXVariantGroup section */

/* Begin XCBuildConfiguration section */
		04CA040D26EDE088004A1932 /* Debug */ = {
			isa = XCBuildConfiguration;
			buildSettings = {
				ALWAYS_SEARCH_USER_PATHS = NO;
				CLANG_ANALYZER_NONNULL = YES;
				CLANG_ANALYZER_NUMBER_OBJECT_CONVERSION = YES_AGGRESSIVE;
				CLANG_CXX_LANGUAGE_STANDARD = "gnu++14";
				CLANG_CXX_LIBRARY = "libc++";
				CLANG_ENABLE_MODULES = YES;
				CLANG_ENABLE_OBJC_ARC = YES;
				CLANG_ENABLE_OBJC_WEAK = YES;
				CLANG_WARN_BLOCK_CAPTURE_AUTORELEASING = YES;
				CLANG_WARN_BOOL_CONVERSION = YES;
				CLANG_WARN_COMMA = YES;
				CLANG_WARN_CONSTANT_CONVERSION = YES;
				CLANG_WARN_DEPRECATED_OBJC_IMPLEMENTATIONS = YES;
				CLANG_WARN_DIRECT_OBJC_ISA_USAGE = YES_ERROR;
				CLANG_WARN_DOCUMENTATION_COMMENTS = YES;
				CLANG_WARN_EMPTY_BODY = YES;
				CLANG_WARN_ENUM_CONVERSION = YES;
				CLANG_WARN_INFINITE_RECURSION = YES;
				CLANG_WARN_INT_CONVERSION = YES;
				CLANG_WARN_NON_LITERAL_NULL_CONVERSION = YES;
				CLANG_WARN_OBJC_IMPLICIT_RETAIN_SELF = YES;
				CLANG_WARN_OBJC_LITERAL_CONVERSION = YES;
				CLANG_WARN_OBJC_ROOT_CLASS = YES_ERROR;
				CLANG_WARN_QUOTED_INCLUDE_IN_FRAMEWORK_HEADER = YES;
				CLANG_WARN_RANGE_LOOP_ANALYSIS = YES;
				CLANG_WARN_STRICT_PROTOTYPES = YES;
				CLANG_WARN_SUSPICIOUS_MOVE = YES;
				CLANG_WARN_UNGUARDED_AVAILABILITY = YES_AGGRESSIVE;
				CLANG_WARN_UNREACHABLE_CODE = YES;
				CLANG_WARN__DUPLICATE_METHOD_MATCH = YES;
				COPY_PHASE_STRIP = NO;
				DEBUG_INFORMATION_FORMAT = dwarf;
				ENABLE_STRICT_OBJC_MSGSEND = YES;
				ENABLE_TESTABILITY = YES;
				GCC_C_LANGUAGE_STANDARD = gnu11;
				GCC_DYNAMIC_NO_PIC = NO;
				GCC_NO_COMMON_BLOCKS = YES;
				GCC_OPTIMIZATION_LEVEL = 0;
				GCC_PREPROCESSOR_DEFINITIONS = (
					"DEBUG=1",
					"$(inherited)",
				);
				GCC_WARN_64_TO_32_BIT_CONVERSION = YES;
				GCC_WARN_ABOUT_RETURN_TYPE = YES_ERROR;
				GCC_WARN_UNDECLARED_SELECTOR = YES;
				GCC_WARN_UNINITIALIZED_AUTOS = YES_AGGRESSIVE;
				GCC_WARN_UNUSED_FUNCTION = YES;
				GCC_WARN_UNUSED_VARIABLE = YES;
				IPHONEOS_DEPLOYMENT_TARGET = 14.5;
				MTL_ENABLE_DEBUG_INFO = INCLUDE_SOURCE;
				MTL_FAST_MATH = YES;
				ONLY_ACTIVE_ARCH = YES;
				SDKROOT = iphoneos;
				SWIFT_ACTIVE_COMPILATION_CONDITIONS = DEBUG;
				SWIFT_OPTIMIZATION_LEVEL = "-Onone";
			};
			name = Debug;
		};
		04CA040E26EDE088004A1932 /* Release */ = {
			isa = XCBuildConfiguration;
			buildSettings = {
				ALWAYS_SEARCH_USER_PATHS = NO;
				CLANG_ANALYZER_NONNULL = YES;
				CLANG_ANALYZER_NUMBER_OBJECT_CONVERSION = YES_AGGRESSIVE;
				CLANG_CXX_LANGUAGE_STANDARD = "gnu++14";
				CLANG_CXX_LIBRARY = "libc++";
				CLANG_ENABLE_MODULES = YES;
				CLANG_ENABLE_OBJC_ARC = YES;
				CLANG_ENABLE_OBJC_WEAK = YES;
				CLANG_WARN_BLOCK_CAPTURE_AUTORELEASING = YES;
				CLANG_WARN_BOOL_CONVERSION = YES;
				CLANG_WARN_COMMA = YES;
				CLANG_WARN_CONSTANT_CONVERSION = YES;
				CLANG_WARN_DEPRECATED_OBJC_IMPLEMENTATIONS = YES;
				CLANG_WARN_DIRECT_OBJC_ISA_USAGE = YES_ERROR;
				CLANG_WARN_DOCUMENTATION_COMMENTS = YES;
				CLANG_WARN_EMPTY_BODY = YES;
				CLANG_WARN_ENUM_CONVERSION = YES;
				CLANG_WARN_INFINITE_RECURSION = YES;
				CLANG_WARN_INT_CONVERSION = YES;
				CLANG_WARN_NON_LITERAL_NULL_CONVERSION = YES;
				CLANG_WARN_OBJC_IMPLICIT_RETAIN_SELF = YES;
				CLANG_WARN_OBJC_LITERAL_CONVERSION = YES;
				CLANG_WARN_OBJC_ROOT_CLASS = YES_ERROR;
				CLANG_WARN_QUOTED_INCLUDE_IN_FRAMEWORK_HEADER = YES;
				CLANG_WARN_RANGE_LOOP_ANALYSIS = YES;
				CLANG_WARN_STRICT_PROTOTYPES = YES;
				CLANG_WARN_SUSPICIOUS_MOVE = YES;
				CLANG_WARN_UNGUARDED_AVAILABILITY = YES_AGGRESSIVE;
				CLANG_WARN_UNREACHABLE_CODE = YES;
				CLANG_WARN__DUPLICATE_METHOD_MATCH = YES;
				COPY_PHASE_STRIP = NO;
				DEBUG_INFORMATION_FORMAT = "dwarf-with-dsym";
				ENABLE_NS_ASSERTIONS = NO;
				ENABLE_STRICT_OBJC_MSGSEND = YES;
				GCC_C_LANGUAGE_STANDARD = gnu11;
				GCC_NO_COMMON_BLOCKS = YES;
				GCC_WARN_64_TO_32_BIT_CONVERSION = YES;
				GCC_WARN_ABOUT_RETURN_TYPE = YES_ERROR;
				GCC_WARN_UNDECLARED_SELECTOR = YES;
				GCC_WARN_UNINITIALIZED_AUTOS = YES_AGGRESSIVE;
				GCC_WARN_UNUSED_FUNCTION = YES;
				GCC_WARN_UNUSED_VARIABLE = YES;
				IPHONEOS_DEPLOYMENT_TARGET = 14.5;
				MTL_ENABLE_DEBUG_INFO = NO;
				MTL_FAST_MATH = YES;
				SDKROOT = iphoneos;
				SWIFT_COMPILATION_MODE = wholemodule;
				SWIFT_OPTIMIZATION_LEVEL = "-O";
				VALIDATE_PRODUCT = YES;
			};
			name = Release;
		};
		04CA041026EDE088004A1932 /* Debug */ = {
			isa = XCBuildConfiguration;
			buildSettings = {
				ASSETCATALOG_COMPILER_APPICON_NAME = AppIcon;
				ASSETCATALOG_COMPILER_GLOBAL_ACCENT_COLOR_NAME = AccentColor;
				CODE_SIGN_STYLE = Automatic;
				DEVELOPMENT_TEAM = JCX8Z993GT;
				INFOPLIST_FILE = CheckListsWithPushNotifications/Supporting/Info.plist;
				LD_RUNPATH_SEARCH_PATHS = (
					"$(inherited)",
					"@executable_path/Frameworks",
				);
				PRODUCT_BUNDLE_IDENTIFIER = AB.bavcom.CheckListsWithPushNotifications;
				PRODUCT_NAME = "$(TARGET_NAME)";
				SWIFT_VERSION = 5.0;
				TARGETED_DEVICE_FAMILY = "1,2";
			};
			name = Debug;
		};
		04CA041126EDE088004A1932 /* Release */ = {
			isa = XCBuildConfiguration;
			buildSettings = {
				ASSETCATALOG_COMPILER_APPICON_NAME = AppIcon;
				ASSETCATALOG_COMPILER_GLOBAL_ACCENT_COLOR_NAME = AccentColor;
				CODE_SIGN_STYLE = Automatic;
				DEVELOPMENT_TEAM = JCX8Z993GT;
				INFOPLIST_FILE = CheckListsWithPushNotifications/Supporting/Info.plist;
				LD_RUNPATH_SEARCH_PATHS = (
					"$(inherited)",
					"@executable_path/Frameworks",
				);
				PRODUCT_BUNDLE_IDENTIFIER = AB.bavcom.CheckListsWithPushNotifications;
				PRODUCT_NAME = "$(TARGET_NAME)";
				SWIFT_VERSION = 5.0;
				TARGETED_DEVICE_FAMILY = "1,2";
			};
			name = Release;
		};
/* End XCBuildConfiguration section */

/* Begin XCConfigurationList section */
		04CA03F626EDE083004A1932 /* Build configuration list for PBXProject "CheckListsWithPushNotifications" */ = {
			isa = XCConfigurationList;
			buildConfigurations = (
				04CA040D26EDE088004A1932 /* Debug */,
				04CA040E26EDE088004A1932 /* Release */,
			);
			defaultConfigurationIsVisible = 0;
			defaultConfigurationName = Release;
		};
		04CA040F26EDE088004A1932 /* Build configuration list for PBXNativeTarget "CheckListsWithPushNotifications" */ = {
			isa = XCConfigurationList;
			buildConfigurations = (
				04CA041026EDE088004A1932 /* Debug */,
				04CA041126EDE088004A1932 /* Release */,
			);
			defaultConfigurationIsVisible = 0;
			defaultConfigurationName = Release;
		};
/* End XCConfigurationList section */
	};
	rootObject = 04CA03F326EDE083004A1932 /* Project object */;
}
